
Microsoft Visual Studio Solution File, Format Version 12.00
# Visual Studio Version 16
VisualStudioVersion = 16.0.31129.286
MinimumVisualStudioVersion = 10.0.40219.1
Project("{FAE04EC0-301F-11D3-BF4B-00C04F79EFBC}") = "Calculator", "Calculator\Calculator.csproj", "{AF0143FA-1D72-4098-8101-435341A928AA}"
EndProject
Global
	GlobalSection(SolutionConfigurationPlatforms) = preSolution
		Debug|Any CPU = Debug|Any CPU
		Release|Any CPU = Release|Any CPU
	EndGlobalSection
	GlobalSection(ProjectConfigurationPlatforms) = postSolution
		{AF0143FA-1D72-4098-8101-435341A928AA}.Debug|Any CPU.ActiveCfg = Debug|Any CPU
		{AF0143FA-1D72-4098-8101-435341A928AA}.Debug|Any CPU.Build.0 = Debug|Any CPU
		{AF0143FA-1D72-4098-8101-435341A928AA}.Release|Any CPU.ActiveCfg = Release|Any CPU
		{AF0143FA-1D72-4098-8101-435341A928AA}.Release|Any CPU.Build.0 = Release|Any CPU
	EndGlobalSection
	GlobalSection(SolutionProperties) = preSolution
		HideSolutionNode = FALSE
	EndGlobalSection
	GlobalSection(ExtensibilityGlobals) = postSolution
		SolutionGuid = {19FE8079-38AD-4091-ADB6-B00AF795C4E0}
	EndGlobalSection
EndGlobal
